
Microsoft Visual Studio Solution File, Format Version 12.00
# Visual Studio Version 17
VisualStudioVersion = 17.9.34622.214
MinimumVisualStudioVersion = 10.0.40219.1
Project("{FAE04EC0-301F-11D3-BF4B-00C04F79EFBC}") = "AuthServer.API", "AuthServer.API\AuthServer.API.csproj", "{5AB588C6-1878-41BF-AA43-F47BBB307F95}"
EndProject
Project("{FAE04EC0-301F-11D3-BF4B-00C04F79EFBC}") = "AuthServer.Domain", "AuthServer.Domain\AuthServer.Domain.csproj", "{B9A23F56-2CD8-459F-91C0-4E28010F64B2}"
EndProject
Project("{FAE04EC0-301F-11D3-BF4B-00C04F79EFBC}") = "AuthServer.Data", "AuthServer.Data\AuthServer.Data.csproj", "{1A103AF9-BB1E-4DE8-A745-A0DED6DB3705}"
EndProject
Project("{FAE04EC0-301F-11D3-BF4B-00C04F79EFBC}") = "AuthServer.Service", "AuthServer.Service\AuthServer.Service.csproj", "{2728F255-CBB5-4BAD-80AC-EA9120E7754A}"
EndProject
Global
	GlobalSection(SolutionConfigurationPlatforms) = preSolution
		Debug|Any CPU = Debug|Any CPU
		Release|Any CPU = Release|Any CPU
	EndGlobalSection
	GlobalSection(ProjectConfigurationPlatforms) = postSolution
		{5AB588C6-1878-41BF-AA43-F47BBB307F95}.Debug|Any CPU.ActiveCfg = Debug|Any CPU
		{5AB588C6-1878-41BF-AA43-F47BBB307F95}.Debug|Any CPU.Build.0 = Debug|Any CPU
		{5AB588C6-1878-41BF-AA43-F47BBB307F95}.Release|Any CPU.ActiveCfg = Release|Any CPU
		{5AB588C6-1878-41BF-AA43-F47BBB307F95}.Release|Any CPU.Build.0 = Release|Any CPU
		{B9A23F56-2CD8-459F-91C0-4E28010F64B2}.Debug|Any CPU.ActiveCfg = Debug|Any CPU
		{B9A23F56-2CD8-459F-91C0-4E28010F64B2}.Debug|Any CPU.Build.0 = Debug|Any CPU
		{B9A23F56-2CD8-459F-91C0-4E28010F64B2}.Release|Any CPU.ActiveCfg = Release|Any CPU
		{B9A23F56-2CD8-459F-91C0-4E28010F64B2}.Release|Any CPU.Build.0 = Release|Any CPU
		{1A103AF9-BB1E-4DE8-A745-A0DED6DB3705}.Debug|Any CPU.ActiveCfg = Debug|Any CPU
		{1A103AF9-BB1E-4DE8-A745-A0DED6DB3705}.Debug|Any CPU.Build.0 = Debug|Any CPU
		{1A103AF9-BB1E-4DE8-A745-A0DED6DB3705}.Release|Any CPU.ActiveCfg = Release|Any CPU
		{1A103AF9-BB1E-4DE8-A745-A0DED6DB3705}.Release|Any CPU.Build.0 = Release|Any CPU
		{2728F255-CBB5-4BAD-80AC-EA9120E7754A}.Debug|Any CPU.ActiveCfg = Debug|Any CPU
		{2728F255-CBB5-4BAD-80AC-EA9120E7754A}.Debug|Any CPU.Build.0 = Debug|Any CPU
		{2728F255-CBB5-4BAD-80AC-EA9120E7754A}.Release|Any CPU.ActiveCfg = Release|Any CPU
		{2728F255-CBB5-4BAD-80AC-EA9120E7754A}.Release|Any CPU.Build.0 = Release|Any CPU
	EndGlobalSection
	GlobalSection(SolutionProperties) = preSolution
		HideSolutionNode = FALSE
	EndGlobalSection
	GlobalSection(ExtensibilityGlobals) = postSolution
		SolutionGuid = {93E19A40-4F8A-4C3D-8239-DCCDFC9DFB6E}
	EndGlobalSection
EndGlobal
